dependencies:
- name: config
  repository: oci://ghcr.io/yadgarhq/charts
  version: 0.1.5
- name: gateway
  repository: oci://ghcr.io/yadgarhq/charts
  version: 0.9.48
- name: iam
  repository: oci://ghcr.io/yadgarhq/charts
  version: 0.8.39
- name: iam-db
  repository: oci://ghcr.io/yadgarhq/charts
  version: 0.7.40
- name: project
  repository: oci://ghcr.io/yadgarhq/charts
  version: 0.1.17
- name: project-db
  repository: oci://ghcr.io/yadgarhq/charts
  version: 0.3.5
- name: task
  repository: oci://ghcr.io/yadgarhq/charts
  version: 0.5.28
- name: task-db
  repository: oci://ghcr.io/yadgarhq/charts
  version: 0.6.29
digest: sha256:b444af33caad3d060d8aac54f25ced6b85dbe552b81e205c3a6789bca0e9d448
generated: "2026-09-19T13:33:34.066455157+02:00"
